<?xml version="1.0" encoding="utf-8"?>
<Project ToolsVersion="4.0" xmlns="http://schemas.microsoft.com/developer/msbuild/2003">
  <ItemGroup>
    <Filter Include="Source Files">
      <UniqueIdentifier>{4FC737F1-C7A5-4376-A066-2A32D752A2FF}</UniqueIdentifier>
      <Extensions>cpp;c;cc;cxx;c++;cppm;ixx;def;odl;idl;hpj;bat;asm;asmx</Extensions>
    </Filter>
    <Filter Include="Header Files">
      <UniqueIdentifier>{93995380-89BD-4b04-88EB-625FBE52EBFB}</UniqueIdentifier>
      <Extensions>h;hh;hpp;hxx;h++;hm;inl;inc;ipp;xsd</Extensions>
    </Filter>
    <Filter Include="Resource Files">
      <UniqueIdentifier>{67DA6AB6-F800-4c08-8B7A-83BB121AAD01}</UniqueIdentifier>
      <Extensions>rc;ico;cur;bmp;dlg;rc2;rct;bin;rgs;gif;jpg;jpeg;jpe;resx;tiff;tif;png;wav;mfcribbon-ms</Extensions>
    </Filter>
  </ItemGroup>
  <ItemGroup>
    <ClInclude Include="src\dumper\classes.hpp">
      <Filter>Header Files</Filter>
    </ClInclude>
    <ClInclude Include="src\dumper\images.hpp">
      <Filter>Header Files</Filter>
    </ClInclude>
    <ClInclude Include="extern\il2cpp\blob.h">
      <Filter>Header Files</Filter>
    </ClInclude>
    <ClInclude Include="extern\il2cpp\class-internals.h">
      <Filter>Header Files</Filter>
    </ClInclude>
    <ClInclude Include="extern\il2cpp\il2cpp-debugger.h">
      <Filter>Header Files</Filter>
    </ClInclude>
    <ClInclude Include="extern\il2cpp\metadata.h">
      <Filter>Header Files</Filter>
    </ClInclude>
    <ClInclude Include="extern\il2cpp\normalization-tables.h">
      <Filter>Header Files</Filter>
    </ClInclude>
    <ClInclude Include="extern\il2cpp\number-formatter.h">
      <Filter>Header Files</Filter>
    </ClInclude>
    <ClInclude Include="extern\il2cpp\object-internals.h">
      <Filter>Header Files</Filter>
    </ClInclude>
    <ClInclude Include="extern\il2cpp\tabledefs.h">
      <Filter>Header Files</Filter>
    </ClInclude>
    <ClInclude Include="extern\il2cpp\types.h">
      <Filter>Header Files</Filter>
    </ClInclude>
    <ClInclude Include="extern\il2cpp\char-conversions.h">
      <Filter>Header Files</Filter>
    </ClInclude>
    <ClInclude Include="extern\il2cpp\icallincludes.h">
      <Filter>Header Files</Filter>
    </ClInclude>
    <ClInclude Include="extern\il2cpp\il2cpp-api.h">
      <Filter>Header Files</Filter>
    </ClInclude>
    <ClInclude Include="extern\il2cpp\il2cpp-api-functions.h">
      <Filter>Header Files</Filter>
    </ClInclude>
    <ClInclude Include="extern\il2cpp\il2cpp-api-types.h">
      <Filter>Header Files</Filter>
    </ClInclude>
    <ClInclude Include="extern\il2cpp\il2cpp-config.h">
      <Filter>Header Files</Filter>
    </ClInclude>
    <ClInclude Include="extern\il2cpp\il2cpp-metadata.h">
      <Filter>Header Files</Filter>
    </ClInclude>
    <ClInclude Include="src\dumper\api.hpp">
      <Filter>Header Files</Filter>
    </ClInclude>
  </ItemGroup>
  <ItemGroup>
    <ClCompile Include="src\dumper\dumper.hpp">
      <Filter>Source Files</Filter>
    </ClCompile>
    <ClCompile Include="src\example.cpp">
      <Filter>Source Files</Filter>
    </ClCompile>
  </ItemGroup>
  <ItemGroup>
    <None Include="extern\il2cpp\libil2cpp.def">
      <Filter>Source Files</Filter>
    </None>
    <None Include="extern\il2cpp\libil2cpp.icalls" />
  </ItemGroup>
</Project>